
Microsoft Visual Studio Solution File, Format Version 12.00
# Visual Studio Version 17
VisualStudioVersion = 17.0.31903.59
MinimumVisualStudioVersion = 10.0.40219.1
Project("{2150E333-8FDC-42A3-9474-1A3956D46DE8}") = "src", "src", "{A7615431-431C-4E1A-98AA-DB21D7EFAD61}"
EndProject
Project("{FAE04EC0-301F-11D3-BF4B-00C04F79EFBC}") = "ProductCRUD.API", "src\ProductCRUD.API\ProductCRUD.API.csproj", "{D0D915DF-8FD7-42A6-A4A7-272371792C1E}"
EndProject
Global
	GlobalSection(SolutionConfigurationPlatforms) = preSolution
		Debug|Any CPU = Debug|Any CPU
		Release|Any CPU = Release|Any CPU
	EndGlobalSection
	GlobalSection(SolutionProperties) = preSolution
		HideSolutionNode = FALSE
	EndGlobalSection
	GlobalSection(ProjectConfigurationPlatforms) = postSolution
		{D0D915DF-8FD7-42A6-A4A7-272371792C1E}.Debug|Any CPU.ActiveCfg = Debug|Any CPU
		{D0D915DF-8FD7-42A6-A4A7-272371792C1E}.Debug|Any CPU.Build.0 = Debug|Any CPU
		{D0D915DF-8FD7-42A6-A4A7-272371792C1E}.Release|Any CPU.ActiveCfg = Release|Any CPU
		{D0D915DF-8FD7-42A6-A4A7-272371792C1E}.Release|Any CPU.Build.0 = Release|Any CPU
	EndGlobalSection
	GlobalSection(NestedProjects) = preSolution
		{D0D915DF-8FD7-42A6-A4A7-272371792C1E} = {A7615431-431C-4E1A-98AA-DB21D7EFAD61}
	EndGlobalSection
EndGlobal
